PODS:
  - Masonry (0.6.3)
  - PBJVideoPlayer (0.2.4)
  - SocketRocket (0.4.2)

DEPENDENCIES:
  - Masonry
  - PBJVideoPlayer
  - SocketRocket (~> 0.4.2)

SPEC CHECKSUMS:
  Masonry: ff105a956abcd19a618b2028b121cb638d7a8e2f
  PBJVideoPlayer: 69e94215f248409735db936225f6b92a4b268389
  SocketRocket: ffe08119b00ef982f6c37052a4705a057c8494ad

COCOAPODS: 0.39.0
