// !$*UTF8*$!
{
	archiveVersion = 1;
	classes = {
	};
	objectVersion = 46;
	objects = {

/* Begin PBXBuildFile section */
		1B7CC57ACD2AD8DCED48A2CF /* Pods_Avatar.framework in Frameworks */ = {isa = PBXBuildFile; fileRef = F9C39A72487D7C5518AC91EC /* Pods_Avatar.framework */; };
		7D89795C1C00A32E00FE2461 /* CoreMotion.framework in Frameworks */ = {isa = PBXBuildFile; fileRef = 7D89795B1C00A32E00FE2461 /* CoreMotion.framework */; };
		7D89795F1C00A33600FE2461 /* MotionManager.m in Sources */ = {isa = PBXBuildFile; fileRef = 7D89795D1C00A33600FE2461 /* MotionManager.m */; };
		7D8979631C00AF2000FE2461 /* BOWebsocketWrapper.m in Sources */ = {isa = PBXBuildFile; fileRef = 7D8979621C00AF2000FE2461 /* BOWebsocketWrapper.m */; };
		7D8979661C00AF2E00FE2461 /* NSMutableArray+QueueAdditions.m in Sources */ = {isa = PBXBuildFile; fileRef = 7D8979651C00AF2E00FE2461 /* NSMutableArray+QueueAdditions.m */; };
		7DEE27C31C0067250056180C /* main.m in Sources */ = {isa = PBXBuildFile; fileRef = 7DEE27C21C0067250056180C /* main.m */; };
		7DEE27C61C0067250056180C /* AppDelegate.m in Sources */ = {isa = PBXBuildFile; fileRef = 7DEE27C51C0067250056180C /* AppDelegate.m */; };
		7DEE27C91C0067250056180C /* ViewController.m in Sources */ = {isa = PBXBuildFile; fileRef = 7DEE27C81C0067250056180C /* ViewController.m */; };
		7DEE27CC1C0067250056180C /* Main.storyboard in Resources */ = {isa = PBXBuildFile; fileRef = 7DEE27CA1C0067250056180C /* Main.storyboard */; };
		7DEE27CE1C0067250056180C /* Assets.xcassets in Resources */ = {isa = PBXBuildFile; fileRef = 7DEE27CD1C0067250056180C /* Assets.xcassets */; };
		7DEE27D11C0067250056180C /* LaunchScreen.storyboard in Resources */ = {isa = PBXBuildFile; fileRef = 7DEE27CF1C0067250056180C /* LaunchScreen.storyboard */; };
/* End PBXBuildFile section */

/* Begin PBXFileReference section */
		4B7443537B3273F9665D69C7 /* Pods-Avatar.debug.xcconfig */ = {isa = PBXFileReference; includeInIndex = 1; lastKnownFileType = text.xcconfig; name = "Pods-Avatar.debug.xcconfig"; path = "Pods/Target Support Files/Pods-Avatar/Pods-Avatar.debug.xcconfig"; sourceTree = "<group>"; };
		5C5F7FFC1C006BD300656B5E /* MediaPlayer.framework */ = {isa = PBXFileReference; lastKnownFileType = wrapper.framework; name = MediaPlayer.framework; path = System/Library/Frameworks/MediaPlayer.framework; sourceTree = SDKROOT; };
		5C5F7FFE1C006CDD00656B5E /* AVKit.framework */ = {isa = PBXFileReference; lastKnownFileType = wrapper.framework; name = AVKit.framework; path = System/Library/Frameworks/AVKit.framework; sourceTree = SDKROOT; };
		5C5F80031C006DD400656B5E /* AVFoundation.framework */ = {isa = PBXFileReference; lastKnownFileType = wrapper.framework; name = AVFoundation.framework; path = System/Library/Frameworks/AVFoundation.framework; sourceTree = SDKROOT; };
		7979E527A63F652C1FCFC7C6 /* Pods-Avatar.release.xcconfig */ = {isa = PBXFileReference; includeInIndex = 1; lastKnownFileType = text.xcconfig; name = "Pods-Avatar.release.xcconfig"; path = "Pods/Target Support Files/Pods-Avatar/Pods-Avatar.release.xcconfig"; sourceTree = "<group>"; };
		7D89795B1C00A32E00FE2461 /* CoreMotion.framework */ = {isa = PBXFileReference; lastKnownFileType = wrapper.framework; name = CoreMotion.framework; path = System/Library/Frameworks/CoreMotion.framework; sourceTree = SDKROOT; };
		7D89795D1C00A33600FE2461 /* MotionManager.m */ = {isa = PBXFileReference; fileEncoding = 4; lastKnownFileType = sourcecode.c.objc; path = MotionManager.m; sourceTree = "<group>"; };
		7D89795E1C00A33600FE2461 /* MotionManager.h */ = {isa = PBXFileReference; fileEncoding = 4; lastKnownFileType = sourcecode.c.h; path = MotionManager.h; sourceTree = "<group>"; };
		7D8979611C00AF2000FE2461 /* BOWebsocketWrapper.h */ = {isa = PBXFileReference; fileEncoding = 4; lastKnownFileType = sourcecode.c.h; path = BOWebsocketWrapper.h; sourceTree = "<group>"; };
		7D8979621C00AF2000FE2461 /* BOWebsocketWrapper.m */ = {isa = PBXFileReference; fileEncoding = 4; lastKnownFileType = sourcecode.c.objc; path = BOWebsocketWrapper.m; sourceTree = "<group>"; };
		7D8979641C00AF2E00FE2461 /* NSMutableArray+QueueAdditions.h */ = {isa = PBXFileReference; fileEncoding = 4; lastKnownFileType = sourcecode.c.h; path = "NSMutableArray+QueueAdditions.h"; sourceTree = "<group>"; };
		7D8979651C00AF2E00FE2461 /* NSMutableArray+QueueAdditions.m */ = {isa = PBXFileReference; fileEncoding = 4; lastKnownFileType = sourcecode.c.objc; path = "NSMutableArray+QueueAdditions.m"; sourceTree = "<group>"; };
		7DEE27BE1C0067250056180C /* Avatar.app */ = {isa = PBXFileReference; explicitFileType = wrapper.application; includeInIndex = 0; path = Avatar.app; sourceTree = BUILT_PRODUCTS_DIR; };
		7DEE27C21C0067250056180C /* main.m */ = {isa = PBXFileReference; lastKnownFileType = sourcecode.c.objc; path = main.m; sourceTree = "<group>"; };
		7DEE27C41C0067250056180C /* AppDelegate.h */ = {isa = PBXFileReference; lastKnownFileType = sourcecode.c.h; path = AppDelegate.h; sourceTree = "<group>"; };
		7DEE27C51C0067250056180C /* AppDelegate.m */ = {isa = PBXFileReference; lastKnownFileType = sourcecode.c.objc; path = AppDelegate.m; sourceTree = "<group>"; };
		7DEE27C71C0067250056180C /* ViewController.h */ = {isa = PBXFileReference; lastKnownFileType = sourcecode.c.h; path = ViewController.h; sourceTree = "<group>"; };
		7DEE27C81C0067250056180C /* ViewController.m */ = {isa = PBXFileReference; lastKnownFileType = sourcecode.c.objc; path = ViewController.m; sourceTree = "<group>"; };
		7DEE27CB1C0067250056180C /* Base */ = {isa = PBXFileReference; lastKnownFileType = file.storyboard; name = Base; path = Base.lproj/Main.storyboard; sourceTree = "<group>"; };
		7DEE27CD1C0067250056180C /* Assets.xcassets */ = {isa = PBXFileReference; lastKnownFileType = folder.assetcatalog; path = Assets.xcassets; sourceTree = "<group>"; };
		7DEE27D01C0067250056180C /* Base */ = {isa = PBXFileReference; lastKnownFileType = file.storyboard; name = Base; path = Base.lproj/LaunchScreen.storyboard; sourceTree = "<group>"; };
		7DEE27D21C0067250056180C /* Info.plist */ = {isa = PBXFileReference; lastKnownFileType = text.plist.xml; path = Info.plist; sourceTree = "<group>"; };
		F9C39A72487D7C5518AC91EC /* Pods_Avatar.framework */ = {isa = PBXFileReference; explicitFileType = wrapper.framework; includeInIndex = 0; path = Pods_Avatar.framework; sourceTree = BUILT_PRODUCTS_DIR; };
/* End PBXFileReference section */

/* Begin PBXFrameworksBuildPhase section */
		7DEE27BB1C0067250056180C /* Frameworks */ = {
			isa = PBXFrameworksBuildPhase;
			buildActionMask = 2147483647;
			files = (
				7D89795C1C00A32E00FE2461 /* CoreMotion.framework in Frameworks */,
				1B7CC57ACD2AD8DCED48A2CF /* Pods_Avatar.framework in Frameworks */,
			);
			runOnlyForDeploymentPostprocessing = 0;
		};
/* End PBXFrameworksBuildPhase section */

/* Begin PBXGroup section */
		34C42A75ECBE079740CC97B2 /* Pods */ = {
			isa = PBXGroup;
			children = (
				4B7443537B3273F9665D69C7 /* Pods-Avatar.debug.xcconfig */,
				7979E527A63F652C1FCFC7C6 /* Pods-Avatar.release.xcconfig */,
			);
			name = Pods;
			sourceTree = "<group>";
		};
		7A9EF570AE58D7C1BF8C6B5B /* Frameworks */ = {
			isa = PBXGroup;
			children = (
				7D89795B1C00A32E00FE2461 /* CoreMotion.framework */,
				F9C39A72487D7C5518AC91EC /* Pods_Avatar.framework */,
			);
			name = Frameworks;
			sourceTree = "<group>";
		};
		7DEE27B51C0067250056180C = {
			isa = PBXGroup;
			children = (
				5C5F80031C006DD400656B5E /* AVFoundation.framework */,
				5C5F7FFE1C006CDD00656B5E /* AVKit.framework */,
				5C5F7FFC1C006BD300656B5E /* MediaPlayer.framework */,
				7DEE27C01C0067250056180C /* Avatar */,
				7DEE27BF1C0067250056180C /* Products */,
				34C42A75ECBE079740CC97B2 /* Pods */,
				7A9EF570AE58D7C1BF8C6B5B /* Frameworks */,
			);
			sourceTree = "<group>";
		};
		7DEE27BF1C0067250056180C /* Products */ = {
			isa = PBXGroup;
			children = (
				7DEE27BE1C0067250056180C /* Avatar.app */,
			);
			name = Products;
			sourceTree = "<group>";
		};
		7DEE27C01C0067250056180C /* Avatar */ = {
			isa = PBXGroup;
			children = (
				7D8979611C00AF2000FE2461 /* BOWebsocketWrapper.h */,
				7D8979621C00AF2000FE2461 /* BOWebsocketWrapper.m */,
				7D8979641C00AF2E00FE2461 /* NSMutableArray+QueueAdditions.h */,
				7D8979651C00AF2E00FE2461 /* NSMutableArray+QueueAdditions.m */,
				7D89795D1C00A33600FE2461 /* MotionManager.m */,
				7D89795E1C00A33600FE2461 /* MotionManager.h */,
				7DEE27C41C0067250056180C /* AppDelegate.h */,
				7DEE27C51C0067250056180C /* AppDelegate.m */,
				7DEE27C71C0067250056180C /* ViewController.h */,
				7DEE27C81C0067250056180C /* ViewController.m */,
				7DEE27CA1C0067250056180C /* Main.storyboard */,
				7DEE27CD1C0067250056180C /* Assets.xcassets */,
				7DEE27CF1C0067250056180C /* LaunchScreen.storyboard */,
				7DEE27D21C0067250056180C /* Info.plist */,
				7DEE27C11C0067250056180C /* Supporting Files */,
			);
			path = Avatar;
			sourceTree = "<group>";
		};
		7DEE27C11C0067250056180C /* Supporting Files */ = {
			isa = PBXGroup;
			children = (
				7DEE27C21C0067250056180C /* main.m */,
			);
			name = "Supporting Files";
			sourceTree = "<group>";
		};
/* End PBXGroup section */

/* Begin PBXNativeTarget section */
		7DEE27BD1C0067250056180C /* Avatar */ = {
			isa = PBXNativeTarget;
			buildConfigurationList = 7DEE27D51C0067250056180C /* Build configuration list for PBXNativeTarget "Avatar" */;
			buildPhases = (
				B16207CC9784B5DE15F9387B /* Check Pods Manifest.lock */,
				7DEE27BA1C0067250056180C /* Sources */,
				7DEE27BB1C0067250056180C /* Frameworks */,
				7DEE27BC1C0067250056180C /* Resources */,
				16D078F0D7D10BF8488AE657 /* Embed Pods Frameworks */,
				A693C87A0587AC4BF0CE0C62 /* Copy Pods Resources */,
			);
			buildRules = (
			);
			dependencies = (
			);
			name = Avatar;
			productName = Avatar;
			productReference = 7DEE27BE1C0067250056180C /* Avatar.app */;
			productType = "com.apple.product-type.application";
		};
/* End PBXNativeTarget section */

/* Begin PBXProject section */
		7DEE27B61C0067250056180C /* Project object */ = {
			isa = PBXProject;
			attributes = {
				LastUpgradeCheck = 0710;
				ORGANIZATIONNAME = AlexEdunov;
				TargetAttributes = {
					7DEE27BD1C0067250056180C = {
						CreatedOnToolsVersion = 7.1.1;
					};
				};
			};
			buildConfigurationList = 7DEE27B91C0067250056180C /* Build configuration list for PBXProject "Avatar" */;
			compatibilityVersion = "Xcode 3.2";
			developmentRegion = English;
			hasScannedForEncodings = 0;
			knownRegions = (
				en,
				Base,
			);
			mainGroup = 7DEE27B51C0067250056180C;
			productRefGroup = 7DEE27BF1C0067250056180C /* Products */;
			projectDirPath = "";
			projectRoot = "";
			targets = (
				7DEE27BD1C0067250056180C /* Avatar */,
			);
		};
/* End PBXProject section */

/* Begin PBXResourcesBuildPhase section */
		7DEE27BC1C0067250056180C /* Resources */ = {
			isa = PBXResourcesBuildPhase;
			buildActionMask = 2147483647;
			files = (
				7DEE27D11C0067250056180C /* LaunchScreen.storyboard in Resources */,
				7DEE27CE1C0067250056180C /* Assets.xcassets in Resources */,
				7DEE27CC1C0067250056180C /* Main.storyboard in Resources */,
			);
			runOnlyForDeploymentPostprocessing = 0;
		};
/* End PBXResourcesBuildPhase section */

/* Begin PBXShellScriptBuildPhase section */
		16D078F0D7D10BF8488AE657 /* Embed Pods Frameworks */ = {
			isa = PBXShellScriptBuildPhase;
			buildActionMask = 2147483647;
			files = (
			);
			inputPaths = (
			);
			name = "Embed Pods Frameworks";
			outputPaths = (
			);
			runOnlyForDeploymentPostprocessing = 0;
			shellPath = /bin/sh;
			shellScript = "\"${SRCROOT}/Pods/Target Support Files/Pods-Avatar/Pods-Avatar-frameworks.sh\"\n";
			showEnvVarsInLog = 0;
		};
		A693C87A0587AC4BF0CE0C62 /* Copy Pods Resources */ = {
			isa = PBXShellScriptBuildPhase;
			buildActionMask = 2147483647;
			files = (
			);
			inputPaths = (
			);
			name = "Copy Pods Resources";
			outputPaths = (
			);
			runOnlyForDeploymentPostprocessing = 0;
			shellPath = /bin/sh;
			shellScript = "\"${SRCROOT}/Pods/Target Support Files/Pods-Avatar/Pods-Avatar-resources.sh\"\n";
			showEnvVarsInLog = 0;
		};
		B16207CC9784B5DE15F9387B /* Check Pods Manifest.lock */ = {
			isa = PBXShellScriptBuildPhase;
			buildActionMask = 2147483647;
			files = (
			);
			inputPaths = (
			);
			name = "Check Pods Manifest.lock";
			outputPaths = (
			);
			runOnlyForDeploymentPostprocessing = 0;
			shellPath = /bin/sh;
			shellScript = "diff \"${PODS_ROOT}/../Podfile.lock\" \"${PODS_ROOT}/Manifest.lock\" > /dev/null\nif [[ $? != 0 ]] ; then\n    cat << EOM\nerror: The sandbox is not in sync with the Podfile.lock. Run 'pod install' or update your CocoaPods installation.\nEOM\n    exit 1\nfi\n";
			showEnvVarsInLog = 0;
		};
/* End PBXShellScriptBuildPhase section */

/* Begin PBXSourcesBuildPhase section */
		7DEE27BA1C0067250056180C /* Sources */ = {
			isa = PBXSourcesBuildPhase;
			buildActionMask = 2147483647;
			files = (
				7DEE27C91C0067250056180C /* ViewController.m in Sources */,
				7D8979661C00AF2E00FE2461 /* NSMutableArray+QueueAdditions.m in Sources */,
				7DEE27C61C0067250056180C /* AppDelegate.m in Sources */,
				7DEE27C31C0067250056180C /* main.m in Sources */,
				7D8979631C00AF2000FE2461 /* BOWebsocketWrapper.m in Sources */,
				7D89795F1C00A33600FE2461 /* MotionManager.m in Sources */,
			);
			runOnlyForDeploymentPostprocessing = 0;
		};
/* End PBXSourcesBuildPhase section */

/* Begin PBXVariantGroup section */
		7DEE27CA1C0067250056180C /* Main.storyboard */ = {
			isa = PBXVariantGroup;
			children = (
				7DEE27CB1C0067250056180C /* Base */,
			);
			name = Main.storyboard;
			sourceTree = "<group>";
		};
		7DEE27CF1C0067250056180C /* LaunchScreen.storyboard */ = {
			isa = PBXVariantGroup;
			children = (
				7DEE27D01C0067250056180C /* Base */,
			);
			name = LaunchScreen.storyboard;
			sourceTree = "<group>";
		};
/* End PBXVariantGroup section */

/* Begin XCBuildConfiguration section */
		7DEE27D31C0067250056180C /* Debug */ = {
			isa = XCBuildConfiguration;
			buildSettings = {
				ALWAYS_SEARCH_USER_PATHS = NO;
				CLANG_CXX_LANGUAGE_STANDARD = "gnu++0x";
				CLANG_CXX_LIBRARY = "libc++";
				CLANG_ENABLE_MODULES = YES;
				CLANG_ENABLE_OBJC_ARC = YES;
				CLANG_WARN_BOOL_CONVERSION = YES;
				CLANG_WARN_CONSTANT_CONVERSION = YES;
				CLANG_WARN_DIRECT_OBJC_ISA_USAGE = YES_ERROR;
				CLANG_WARN_EMPTY_BODY = YES;
				CLANG_WARN_ENUM_CONVERSION = YES;
				CLANG_WARN_INT_CONVERSION = YES;
				CLANG_WARN_OBJC_ROOT_CLASS = YES_ERROR;
				CLANG_WARN_UNREACHABLE_CODE = YES;
				CLANG_WARN__DUPLICATE_METHOD_MATCH = YES;
				"CODE_SIGN_IDENTITY[sdk=iphoneos*]" = "iPhone Developer";
				COPY_PHASE_STRIP = NO;
				DEBUG_INFORMATION_FORMAT = dwarf;
				ENABLE_STRICT_OBJC_MSGSEND = YES;
				ENABLE_TESTABILITY = YES;
				GCC_C_LANGUAGE_STANDARD = gnu99;
				GCC_DYNAMIC_NO_PIC = NO;
				GCC_NO_COMMON_BLOCKS = YES;
				GCC_OPTIMIZATION_LEVEL = 0;
				GCC_PREPROCESSOR_DEFINITIONS = (
					"DEBUG=1",
					"$(inherited)",
				);
				GCC_WARN_64_TO_32_BIT_CONVERSION = YES;
				GCC_WARN_ABOUT_RETURN_TYPE = YES_ERROR;
				GCC_WARN_UNDECLARED_SELECTOR = YES;
				GCC_WARN_UNINITIALIZED_AUTOS = YES_AGGRESSIVE;
				GCC_WARN_UNUSED_FUNCTION = YES;
				GCC_WARN_UNUSED_VARIABLE = YES;
				IPHONEOS_DEPLOYMENT_TARGET = 9.1;
				MTL_ENABLE_DEBUG_INFO = YES;
				ONLY_ACTIVE_ARCH = YES;
				SDKROOT = iphoneos;
				TARGETED_DEVICE_FAMILY = "1,2";
			};
			name = Debug;
		};
		7DEE27D41C0067250056180C /* Release */ = {
			isa = XCBuildConfiguration;
			buildSettings = {
				ALWAYS_SEARCH_USER_PATHS = NO;
				CLANG_CXX_LANGUAGE_STANDARD = "gnu++0x";
				CLANG_CXX_LIBRARY = "libc++";
				CLANG_ENABLE_MODULES = YES;
				CLANG_ENABLE_OBJC_ARC = YES;
				CLANG_WARN_BOOL_CONVERSION = YES;
				CLANG_WARN_CONSTANT_CONVERSION = YES;
				CLANG_WARN_DIRECT_OBJC_ISA_USAGE = YES_ERROR;
				CLANG_WARN_EMPTY_BODY = YES;
				CLANG_WARN_ENUM_CONVERSION = YES;
				CLANG_WARN_INT_CONVERSION = YES;
				CLANG_WARN_OBJC_ROOT_CLASS = YES_ERROR;
				CLANG_WARN_UNREACHABLE_CODE = YES;
				CLANG_WARN__DUPLICATE_METHOD_MATCH = YES;
				"CODE_SIGN_IDENTITY[sdk=iphoneos*]" = "iPhone Developer";
				COPY_PHASE_STRIP = NO;
				DEBUG_INFORMATION_FORMAT = "dwarf-with-dsym";
				ENABLE_NS_ASSERTIONS = NO;
				ENABLE_STRICT_OBJC_MSGSEND = YES;
				GCC_C_LANGUAGE_STANDARD = gnu99;
				GCC_NO_COMMON_BLOCKS = YES;
				GCC_WARN_64_TO_32_BIT_CONVERSION = YES;
				GCC_WARN_ABOUT_RETURN_TYPE = YES_ERROR;
				GCC_WARN_UNDECLARED_SELECTOR = YES;
				GCC_WARN_UNINITIALIZED_AUTOS = YES_AGGRESSIVE;
				GCC_WARN_UNUSED_FUNCTION = YES;
				GCC_WARN_UNUSED_VARIABLE = YES;
				IPHONEOS_DEPLOYMENT_TARGET = 9.1;
				MTL_ENABLE_DEBUG_INFO = NO;
				SDKROOT = iphoneos;
				TARGETED_DEVICE_FAMILY = "1,2";
				VALIDATE_PRODUCT = YES;
			};
			name = Release;
		};
		7DEE27D61C0067250056180C /* Debug */ = {
			isa = XCBuildConfiguration;
			baseConfigurationReference = 4B7443537B3273F9665D69C7 /* Pods-Avatar.debug.xcconfig */;
			buildSettings = {
				ASSETCATALOG_COMPILER_APPICON_NAME = AppIcon;
				INFOPLIST_FILE = Avatar/Info.plist;
				IPHONEOS_DEPLOYMENT_TARGET = 8.0;
				LD_RUNPATH_SEARCH_PATHS = "$(inherited) @executable_path/Frameworks";
				PRODUCT_BUNDLE_IDENTIFIER = com.AlexEdunov.Avatar;
				PRODUCT_NAME = "$(TARGET_NAME)";
			};
			name = Debug;
		};
		7DEE27D71C0067250056180C /* Release */ = {
			isa = XCBuildConfiguration;
			baseConfigurationReference = 7979E527A63F652C1FCFC7C6 /* Pods-Avatar.release.xcconfig */;
			buildSettings = {
				ASSETCATALOG_COMPILER_APPICON_NAME = AppIcon;
				INFOPLIST_FILE = Avatar/Info.plist;
				IPHONEOS_DEPLOYMENT_TARGET = 8.0;
				LD_RUNPATH_SEARCH_PATHS = "$(inherited) @executable_path/Frameworks";
				PRODUCT_BUNDLE_IDENTIFIER = com.AlexEdunov.Avatar;
				PRODUCT_NAME = "$(TARGET_NAME)";
			};
			name = Release;
		};
/* End XCBuildConfiguration section */

/* Begin XCConfigurationList section */
		7DEE27B91C0067250056180C /* Build configuration list for PBXProject "Avatar" */ = {
			isa = XCConfigurationList;
			buildConfigurations = (
				7DEE27D31C0067250056180C /* Debug */,
				7DEE27D41C0067250056180C /* Release */,
			);
			defaultConfigurationIsVisible = 0;
			defaultConfigurationName = Release;
		};
		7DEE27D51C0067250056180C /* Build configuration list for PBXNativeTarget "Avatar" */ = {
			isa = XCConfigurationList;
			buildConfigurations = (
				7DEE27D61C0067250056180C /* Debug */,
				7DEE27D71C0067250056180C /* Release */,
			);
			defaultConfigurationIsVisible = 0;
			defaultConfigurationName = Release;
		};
/* End XCConfigurationList section */
	};
	rootObject = 7DEE27B61C0067250056180C /* Project object */;
}
